
Microsoft Visual Studio Solution File, Format Version 12.00
# Visual Studio Version 17
VisualStudioVersion = 17.14.36408.4 d17.14
MinimumVisualStudioVersion = 10.0.40219.1
Project("{FAE04EC0-301F-11D3-BF4B-00C04F79EFBC}") = "Employee-Management-System-Backend", "Employee-Management-System-Backend\Employee-Management-System-Backend.csproj", "{5F8F5460-AD8F-4E6E-BBD7-5F9704E4C014}"
EndProject
Global
	GlobalSection(SolutionConfigurationPlatforms) = preSolution
		Debug|Any CPU = Debug|Any CPU
		Release|Any CPU = Release|Any CPU
	EndGlobalSection
	GlobalSection(ProjectConfigurationPlatforms) = postSolution
		{5F8F5460-AD8F-4E6E-BBD7-5F9704E4C014}.Debug|Any CPU.ActiveCfg = Debug|Any CPU
		{5F8F5460-AD8F-4E6E-BBD7-5F9704E4C014}.Debug|Any CPU.Build.0 = Debug|Any CPU
		{5F8F5460-AD8F-4E6E-BBD7-5F9704E4C014}.Release|Any CPU.ActiveCfg = Release|Any CPU
		{5F8F5460-AD8F-4E6E-BBD7-5F9704E4C014}.Release|Any CPU.Build.0 = Release|Any CPU
	EndGlobalSection
	GlobalSection(SolutionProperties) = preSolution
		HideSolutionNode = FALSE
	EndGlobalSection
	GlobalSection(ExtensibilityGlobals) = postSolution
		SolutionGuid = {A2DA8B84-1F4D-4CCA-ACD3-0D665AF43283}
	EndGlobalSection
EndGlobal
